
Microsoft Visual Studio Solution File, Format Version 12.00
# Visual Studio Version 17
VisualStudioVersion = 17.6.33815.320
MinimumVisualStudioVersion = 10.0.40219.1
Project("{FAE04EC0-301F-11D3-BF4B-00C04F79EFBC}") = "Rare_Serverside_GeckosTeam", "Rare_Serverside_GeckosTeam.csproj", "{ED817B1D-F4A9-4A91-9BDD-C8F656FBC842}"
EndProject
Global
	GlobalSection(SolutionConfigurationPlatforms) = preSolution
		Debug|Any CPU = Debug|Any CPU
		Release|Any CPU = Release|Any CPU
	EndGlobalSection
	GlobalSection(ProjectConfigurationPlatforms) = postSolution
		{ED817B1D-F4A9-4A91-9BDD-C8F656FBC842}.Debug|Any CPU.ActiveCfg = Debug|Any CPU
		{ED817B1D-F4A9-4A91-9BDD-C8F656FBC842}.Debug|Any CPU.Build.0 = Debug|Any CPU
		{ED817B1D-F4A9-4A91-9BDD-C8F656FBC842}.Release|Any CPU.ActiveCfg = Release|Any CPU
		{ED817B1D-F4A9-4A91-9BDD-C8F656FBC842}.Release|Any CPU.Build.0 = Release|Any CPU
	EndGlobalSection
	GlobalSection(SolutionProperties) = preSolution
		HideSolutionNode = FALSE
	EndGlobalSection
	GlobalSection(ExtensibilityGlobals) = postSolution
		SolutionGuid = {6218A822-8D93-4B72-BDCA-03EDC8C7F8F1}
	EndGlobalSection
EndGlobal
